
Microsoft Visual Studio Solution File, Format Version 12.00
# Visual Studio Version 17
VisualStudioVersion = 17.10.35013.160
MinimumVisualStudioVersion = 10.0.40219.1
Project("{FAE04EC0-301F-11D3-BF4B-00C04F79EFBC}") = "GreatUma", "GreatUma\GreatUma.csproj", "{516B8FF8-828C-4953-BF92-3F727D617314}"
EndProject
Global
	GlobalSection(SolutionConfigurationPlatforms) = preSolution
		Debug|Any CPU = Debug|Any CPU
		Release|Any CPU = Release|Any CPU
	EndGlobalSection
	GlobalSection(ProjectConfigurationPlatforms) = postSolution
		{516B8FF8-828C-4953-BF92-3F727D617314}.Debug|Any CPU.ActiveCfg = Debug|Any CPU
		{516B8FF8-828C-4953-BF92-3F727D617314}.Debug|Any CPU.Build.0 = Debug|Any CPU
		{516B8FF8-828C-4953-BF92-3F727D617314}.Release|Any CPU.ActiveCfg = Release|Any CPU
		{516B8FF8-828C-4953-BF92-3F727D617314}.Release|Any CPU.Build.0 = Release|Any CPU
	EndGlobalSection
	GlobalSection(SolutionProperties) = preSolution
		HideSolutionNode = FALSE
	EndGlobalSection
	GlobalSection(ExtensibilityGlobals) = postSolution
		SolutionGuid = {5BE77779-30B8-4751-80A8-BB9E34375D8F}
	EndGlobalSection
EndGlobal
